
Microsoft Visual Studio Solution File, Format Version 12.00
# Visual Studio Version 16
VisualStudioVersion = 16.0.29613.14
MinimumVisualStudioVersion = 10.0.40219.1
Project("{FAE04EC0-301F-11D3-BF4B-00C04F79EFBC}") = "Shapes", "LabInterfacesandAbstraction\Shapes.csproj", "{35F67934-9043-460C-950F-2C91B4173952}"
EndProject
Project("{FAE04EC0-301F-11D3-BF4B-00C04F79EFBC}") = "Cars", "Cars\Cars.csproj", "{2B590086-C263-4C5C-AF44-FAF1DEA97598}"
EndProject
Global
	GlobalSection(SolutionConfigurationPlatforms) = preSolution
		Debug|Any CPU = Debug|Any CPU
		Release|Any CPU = Release|Any CPU
	EndGlobalSection
	GlobalSection(ProjectConfigurationPlatforms) = postSolution
		{35F67934-9043-460C-950F-2C91B4173952}.Debug|Any CPU.ActiveCfg = Debug|Any CPU
		{35F67934-9043-460C-950F-2C91B4173952}.Debug|Any CPU.Build.0 = Debug|Any CPU
		{35F67934-9043-460C-950F-2C91B4173952}.Release|Any CPU.ActiveCfg = Release|Any CPU
		{35F67934-9043-460C-950F-2C91B4173952}.Release|Any CPU.Build.0 = Release|Any CPU
		{2B590086-C263-4C5C-AF44-FAF1DEA97598}.Debug|Any CPU.ActiveCfg = Debug|Any CPU
		{2B590086-C263-4C5C-AF44-FAF1DEA97598}.Debug|Any CPU.Build.0 = Debug|Any CPU
		{2B590086-C263-4C5C-AF44-FAF1DEA97598}.Release|Any CPU.ActiveCfg = Release|Any CPU
		{2B590086-C263-4C5C-AF44-FAF1DEA97598}.Release|Any CPU.Build.0 = Release|Any CPU
	EndGlobalSection
	GlobalSection(SolutionProperties) = preSolution
		HideSolutionNode = FALSE
	EndGlobalSection
	GlobalSection(ExtensibilityGlobals) = postSolution
		SolutionGuid = {B43F7271-5A93-4198-B399-BD5381D292C5}
	EndGlobalSection
EndGlobal
