
Microsoft Visual Studio Solution File, Format Version 12.00
# Visual Studio Version 16
VisualStudioVersion = 16.0.29613.14
MinimumVisualStudioVersion = 10.0.40219.1
Project("{FAE04EC0-301F-11D3-BF4B-00C04F79EFBC}") = "Farm", "Farm\Farm.csproj", "{A04E7F14-7551-4837-A424-DBA9E50CF674}"
EndProject
Project("{FAE04EC0-301F-11D3-BF4B-00C04F79EFBC}") = "CustomRandomList", "CustomRandomList\CustomRandomList.csproj", "{2414C499-7082-4A20-9465-A0A1FAFC6B2D}"
EndProject
Project("{FAE04EC0-301F-11D3-BF4B-00C04F79EFBC}") = "CustomStack", "CustomStack\CustomStack.csproj", "{23DB77F5-0483-4AF8-AA25-C5723C0B7B87}"
EndProject
Global
	GlobalSection(SolutionConfigurationPlatforms) = preSolution
		Debug|Any CPU = Debug|Any CPU
		Release|Any CPU = Release|Any CPU
	EndGlobalSection
	GlobalSection(ProjectConfigurationPlatforms) = postSolution
		{A04E7F14-7551-4837-A424-DBA9E50CF674}.Debug|Any CPU.ActiveCfg = Debug|Any CPU
		{A04E7F14-7551-4837-A424-DBA9E50CF674}.Debug|Any CPU.Build.0 = Debug|Any CPU
		{A04E7F14-7551-4837-A424-DBA9E50CF674}.Release|Any CPU.ActiveCfg = Release|Any CPU
		{A04E7F14-7551-4837-A424-DBA9E50CF674}.Release|Any CPU.Build.0 = Release|Any CPU
		{2414C499-7082-4A20-9465-A0A1FAFC6B2D}.Debug|Any CPU.ActiveCfg = Debug|Any CPU
		{2414C499-7082-4A20-9465-A0A1FAFC6B2D}.Debug|Any CPU.Build.0 = Debug|Any CPU
		{2414C499-7082-4A20-9465-A0A1FAFC6B2D}.Release|Any CPU.ActiveCfg = Release|Any CPU
		{2414C499-7082-4A20-9465-A0A1FAFC6B2D}.Release|Any CPU.Build.0 = Release|Any CPU
		{23DB77F5-0483-4AF8-AA25-C5723C0B7B87}.Debug|Any CPU.ActiveCfg = Debug|Any CPU
		{23DB77F5-0483-4AF8-AA25-C5723C0B7B87}.Debug|Any CPU.Build.0 = Debug|Any CPU
		{23DB77F5-0483-4AF8-AA25-C5723C0B7B87}.Release|Any CPU.ActiveCfg = Release|Any CPU
		{23DB77F5-0483-4AF8-AA25-C5723C0B7B87}.Release|Any CPU.Build.0 = Release|Any CPU
	EndGlobalSection
	GlobalSection(SolutionProperties) = preSolution
		HideSolutionNode = FALSE
	EndGlobalSection
	GlobalSection(ExtensibilityGlobals) = postSolution
		SolutionGuid = {3935AB28-83F9-488C-BE84-FCEDC84E2A20}
	EndGlobalSection
EndGlobal
